
Microsoft Visual Studio Solution File, Format Version 12.00
# Visual Studio 2017
Project("{FAE04EC0-301F-11D3-BF4B-00C04F79EFBC}") = "Terrain Generation Sandbox.Plugins", "Terrain Generation Sandbox.Plugins.csproj", "{762A55AC-3223-438B-E7DD-005ECE025DD3}"
EndProject
Project("{FAE04EC0-301F-11D3-BF4B-00C04F79EFBC}") = "Terrain Generation Sandbox", "Terrain Generation Sandbox.csproj", "{D5F45ACA-CBA6-D37D-A0D2-AEE24EC09009}"
EndProject
Project("{FAE04EC0-301F-11D3-BF4B-00C04F79EFBC}") = "Terrain Generation Sandbox.Editor.Plugins", "Terrain Generation Sandbox.Editor.Plugins.csproj", "{13AE72ED-AA3E-A10B-72B5-7F7280B00B0F}"
EndProject
Global
	GlobalSection(SolutionConfigurationPlatforms) = preSolution
		Debug|Any CPU = Debug|Any CPU
		Release|Any CPU = Release|Any CPU
	EndGlobalSection
	GlobalSection(ProjectConfigurationPlatforms) = postSolution
		{762A55AC-3223-438B-E7DD-005ECE025DD3}.Debug|Any CPU.ActiveCfg = Debug|Any CPU
		{762A55AC-3223-438B-E7DD-005ECE025DD3}.Debug|Any CPU.Build.0 = Debug|Any CPU
		{762A55AC-3223-438B-E7DD-005ECE025DD3}.Release|Any CPU.ActiveCfg = Release|Any CPU
		{762A55AC-3223-438B-E7DD-005ECE025DD3}.Release|Any CPU.Build.0 = Release|Any CPU
		{D5F45ACA-CBA6-D37D-A0D2-AEE24EC09009}.Debug|Any CPU.ActiveCfg = Debug|Any CPU
		{D5F45ACA-CBA6-D37D-A0D2-AEE24EC09009}.Debug|Any CPU.Build.0 = Debug|Any CPU
		{D5F45ACA-CBA6-D37D-A0D2-AEE24EC09009}.Release|Any CPU.ActiveCfg = Release|Any CPU
		{D5F45ACA-CBA6-D37D-A0D2-AEE24EC09009}.Release|Any CPU.Build.0 = Release|Any CPU
		{13AE72ED-AA3E-A10B-72B5-7F7280B00B0F}.Debug|Any CPU.ActiveCfg = Debug|Any CPU
		{13AE72ED-AA3E-A10B-72B5-7F7280B00B0F}.Debug|Any CPU.Build.0 = Debug|Any CPU
		{13AE72ED-AA3E-A10B-72B5-7F7280B00B0F}.Release|Any CPU.ActiveCfg = Release|Any CPU
		{13AE72ED-AA3E-A10B-72B5-7F7280B00B0F}.Release|Any CPU.Build.0 = Release|Any CPU
	EndGlobalSection
	GlobalSection(SolutionProperties) = preSolution
		HideSolutionNode = FALSE
	EndGlobalSection
EndGlobal
