
Microsoft Visual Studio Solution File, Format Version 12.00
# Visual Studio 2017
Project("{FAE04EC0-301F-11D3-BF4B-00C04F79EFBC}") = "Car AI GA.Plugins", "Car AI GA.Plugins.csproj", "{C09F9655-0C3F-FBA1-E025-45A1471C9CE5}"
EndProject
Project("{FAE04EC0-301F-11D3-BF4B-00C04F79EFBC}") = "Car AI GA", "Car AI GA.csproj", "{33BF5B59-A686-2280-720F-831F6A07C80E}"
EndProject
Global
	GlobalSection(SolutionConfigurationPlatforms) = preSolution
		Debug|Any CPU = Debug|Any CPU
		Release|Any CPU = Release|Any CPU
	EndGlobalSection
	GlobalSection(ProjectConfigurationPlatforms) = postSolution
		{C09F9655-0C3F-FBA1-E025-45A1471C9CE5}.Debug|Any CPU.ActiveCfg = Debug|Any CPU
		{C09F9655-0C3F-FBA1-E025-45A1471C9CE5}.Debug|Any CPU.Build.0 = Debug|Any CPU
		{C09F9655-0C3F-FBA1-E025-45A1471C9CE5}.Release|Any CPU.ActiveCfg = Release|Any CPU
		{C09F9655-0C3F-FBA1-E025-45A1471C9CE5}.Release|Any CPU.Build.0 = Release|Any CPU
		{33BF5B59-A686-2280-720F-831F6A07C80E}.Debug|Any CPU.ActiveCfg = Debug|Any CPU
		{33BF5B59-A686-2280-720F-831F6A07C80E}.Debug|Any CPU.Build.0 = Debug|Any CPU
		{33BF5B59-A686-2280-720F-831F6A07C80E}.Release|Any CPU.ActiveCfg = Release|Any CPU
		{33BF5B59-A686-2280-720F-831F6A07C80E}.Release|Any CPU.Build.0 = Release|Any CPU
	EndGlobalSection
	GlobalSection(SolutionProperties) = preSolution
		HideSolutionNode = FALSE
	EndGlobalSection
EndGlobal
